// !$*UTF8*$!
{
	archiveVersion = 1;
	classes = {
	};
	objectVersion = 56;
	objects = {

/* Begin PBXBuildFile section */
		150273CA2A5943590006F4DA /* ShareByteApp.swift in Sources */ = {isa = PBXBuildFile; fileRef = 150273C92A5943590006F4DA /* ShareByteApp.swift */; };
		150273CC2A5943590006F4DA /* ContentView.swift in Sources */ = {isa = PBXBuildFile; fileRef = 150273CB2A5943590006F4DA /* ContentView.swift */; };
		150273CE2A59435B0006F4DA /* Assets.xcassets in Resources */ = {isa = PBXBuildFile; fileRef = 150273CD2A59435B0006F4DA /* Assets.xcassets */; };
		150273D12A59435B0006F4DA /* Preview Assets.xcassets in Resources */ = {isa = PBXBuildFile; fileRef = 150273D02A59435B0006F4DA /* Preview Assets.xcassets */; };
		150273DE2A59C0E00006F4DA /* PeersScreen.swift in Sources */ = {isa = PBXBuildFile; fileRef = 150273DD2A59C0E00006F4DA /* PeersScreen.swift */; };
		150273E02A59C0F20006F4DA /* PresentationScreen.swift in Sources */ = {isa = PBXBuildFile; fileRef = 150273DF2A59C0F20006F4DA /* PresentationScreen.swift */; };
		150273E22A59C1070006F4DA /* UserViewModel.swift in Sources */ = {isa = PBXBuildFile; fileRef = 150273E12A59C1070006F4DA /* UserViewModel.swift */; };
		150273E42A59C14C0006F4DA /* Role.swift in Sources */ = {isa = PBXBuildFile; fileRef = 150273E32A59C14C0006F4DA /* Role.swift */; };
		1502FC162B1B1D3C0076D0D4 /* MessageProcessor.swift in Sources */ = {isa = PBXBuildFile; fileRef = 1502FC152B1B1D3C0076D0D4 /* MessageProcessor.swift */; };
		1502FC182B1CE0A10076D0D4 /* AppTab.swift in Sources */ = {isa = PBXBuildFile; fileRef = 1502FC172B1CE0A10076D0D4 /* AppTab.swift */; };
		1502FC1A2B1D00EE0076D0D4 /* TabItemView.swift in Sources */ = {isa = PBXBuildFile; fileRef = 1502FC192B1D00EE0076D0D4 /* TabItemView.swift */; };
		1502FC1C2B1D012B0076D0D4 /* TabShape.swift in Sources */ = {isa = PBXBuildFile; fileRef = 1502FC1B2B1D012B0076D0D4 /* TabShape.swift */; };
		1502FC1E2B1D03530076D0D4 /* TabPosition.swift in Sources */ = {isa = PBXBuildFile; fileRef = 1502FC1D2B1D03530076D0D4 /* TabPosition.swift */; };
		1505760B2B1E3C1500543230 /* ImageFile.swift in Sources */ = {isa = PBXBuildFile; fileRef = 1505760A2B1E3C1500543230 /* ImageFile.swift */; };
		1505760D2B1E3E2D00543230 /* ImageItemsView.swift in Sources */ = {isa = PBXBuildFile; fileRef = 1505760C2B1E3E2D00543230 /* ImageItemsView.swift */; };
		1505760F2B1E447600543230 /* SnapCarouselHelperView.swift in Sources */ = {isa = PBXBuildFile; fileRef = 1505760E2B1E447600543230 /* SnapCarouselHelperView.swift */; };
		150A56772B25CF050074163D /* ScreenShotPreventView.swift in Sources */ = {isa = PBXBuildFile; fileRef = 150A56762B25CF050074163D /* ScreenShotPreventView.swift */; };
		150DED362AD9C5B000F642E8 /* AppNetwork.swift in Sources */ = {isa = PBXBuildFile; fileRef = 150DED352AD9C5B000F642E8 /* AppNetwork.swift */; };
		150DED382AD9C66200F642E8 /* ServiceLocator.swift in Sources */ = {isa = PBXBuildFile; fileRef = 150DED372AD9C66200F642E8 /* ServiceLocator.swift */; };
		150DED3A2AD9C68E00F642E8 /* Configurator.swift in Sources */ = {isa = PBXBuildFile; fileRef = 150DED392AD9C68E00F642E8 /* Configurator.swift */; };
		150DED3C2AD9C80000F642E8 /* InjectedWrapper.swift in Sources */ = {isa = PBXBuildFile; fileRef = 150DED3B2AD9C80000F642E8 /* InjectedWrapper.swift */; };
		150DED402ADC407F00F642E8 /* ImageView.swift in Sources */ = {isa = PBXBuildFile; fileRef = 150DED3F2ADC407F00F642E8 /* ImageView.swift */; };
		153215BC2A7970EC0038B0FA /* Message.swift in Sources */ = {isa = PBXBuildFile; fileRef = 153215BB2A7970EC0038B0FA /* Message.swift */; };
		153215BF2A8285F80038B0FA /* DiscoverableStatus.swift in Sources */ = {isa = PBXBuildFile; fileRef = 153215BE2A8285F80038B0FA /* DiscoverableStatus.swift */; };
		1550D5192B28C2C4003E4994 /* Tool.swift in Sources */ = {isa = PBXBuildFile; fileRef = 1550D5182B28C2C4003E4994 /* Tool.swift */; };
		1550D51B2B28E0AB003E4994 /* ToolView.swift in Sources */ = {isa = PBXBuildFile; fileRef = 1550D51A2B28E0AB003E4994 /* ToolView.swift */; };
		1550D51D2B28E1F5003E4994 /* ToolBarView.swift in Sources */ = {isa = PBXBuildFile; fileRef = 1550D51C2B28E1F5003E4994 /* ToolBarView.swift */; };
		15653BC92AD1CF47005A0D06 /* DataBase.swift in Sources */ = {isa = PBXBuildFile; fileRef = 15653BC82AD1CF47005A0D06 /* DataBase.swift */; };
		1565C09A2AD45B2100AAB651 /* RickAndMortyAPI.swift in Sources */ = {isa = PBXBuildFile; fileRef = 1565C0992AD45B2100AAB651 /* RickAndMortyAPI.swift */; };
		156B0BB52AD700090095E837 /* SelectAvatarView.swift in Sources */ = {isa = PBXBuildFile; fileRef = 156B0BB42AD700090095E837 /* SelectAvatarView.swift */; };
		156B0BB72AD7048B0095E837 /* SearchAvatar.swift in Sources */ = {isa = PBXBuildFile; fileRef = 156B0BB62AD7048B0095E837 /* SearchAvatar.swift */; };
		156B0BBA2AD86B2E0095E837 /* RandomAccessCollection.swift in Sources */ = {isa = PBXBuildFile; fileRef = 156B0BB92AD86B2E0095E837 /* RandomAccessCollection.swift */; };
		1578204E2A5B2E54007FA7BF /* PeerManager.swift in Sources */ = {isa = PBXBuildFile; fileRef = 1578204D2A5B2E54007FA7BF /* PeerManager.swift */; };
		159A6C952B2242A20096C1E3 /* PeerRowView.swift in Sources */ = {isa = PBXBuildFile; fileRef = 159A6C942B2242A20096C1E3 /* PeerRowView.swift */; };
		159E93012AFFE12000A5E6F7 /* AppDecoder.swift in Sources */ = {isa = PBXBuildFile; fileRef = 159E93002AFFE12000A5E6F7 /* AppDecoder.swift */; };
		159E93032AFFF41000A5E6F7 /* UIImage.swift in Sources */ = {isa = PBXBuildFile; fileRef = 159E93022AFFF41000A5E6F7 /* UIImage.swift */; };
		15AA092E2AFD380000B5151A /* FileManager.swift in Sources */ = {isa = PBXBuildFile; fileRef = 15AA092D2AFD380000B5151A /* FileManager.swift */; };
		15B53BD92B278551004D4A2E /* CircleButtonView.swift in Sources */ = {isa = PBXBuildFile; fileRef = 15B53BD82B278551004D4A2E /* CircleButtonView.swift */; };
		15B78C602A62E1BA007943BA /* PersonScreen.swift in Sources */ = {isa = PBXBuildFile; fileRef = 15B78C5F2A62E1BA007943BA /* PersonScreen.swift */; };
		15B78C622A64616A007943BA /* ViewerView.swift in Sources */ = {isa = PBXBuildFile; fileRef = 15B78C612A64616A007943BA /* ViewerView.swift */; };
		15B78C642A6466A6007943BA /* PresenterView.swift in Sources */ = {isa = PBXBuildFile; fileRef = 15B78C632A6466A6007943BA /* PresenterView.swift */; };
		15B78C6C2A64718C007943BA /* PresentationState.swift in Sources */ = {isa = PBXBuildFile; fileRef = 15B78C6B2A64718C007943BA /* PresentationState.swift */; };
		15B78C702A6475CE007943BA /* Presentation.swift in Sources */ = {isa = PBXBuildFile; fileRef = 15B78C6F2A6475CE007943BA /* Presentation.swift */; };
		15B7E3122B0905AE00AB4E17 /* NetworkMonitor.swift in Sources */ = {isa = PBXBuildFile; fileRef = 15B7E3112B0905AE00AB4E17 /* NetworkMonitor.swift */; };
		15B7E3142B09101A00AB4E17 /* Data.swift in Sources */ = {isa = PBXBuildFile; fileRef = 15B7E3132B09101A00AB4E17 /* Data.swift */; };
		15B7E31B2B0937D900AB4E17 /* StrockedCapsule.swift in Sources */ = {isa = PBXBuildFile; fileRef = 15B7E31A2B0937D900AB4E17 /* StrockedCapsule.swift */; };
		15B7E31D2B09384D00AB4E17 /* View.swift in Sources */ = {isa = PBXBuildFile; fileRef = 15B7E31C2B09384D00AB4E17 /* View.swift */; };
		15C1691E2B1F98C000B7A9D6 /* PresentationButtonView.swift in Sources */ = {isa = PBXBuildFile; fileRef = 15C1691D2B1F98BF00B7A9D6 /* PresentationButtonView.swift */; };
		7CB20DA52AB7582900C4CEE5 /* User.swift in Sources */ = {isa = PBXBuildFile; fileRef = 7CB20DA42AB7582900C4CEE5 /* User.swift */; };
		7CB20DA82AB75B0B00C4CEE5 /* Realm in Frameworks */ = {isa = PBXBuildFile; productRef = 7CB20DA72AB75B0B00C4CEE5 /* Realm */; };
		7CB20DAA2AB75B0B00C4CEE5 /* RealmSwift in Frameworks */ = {isa = PBXBuildFile; productRef = 7CB20DA92AB75B0B00C4CEE5 /* RealmSwift */; };
/* End PBXBuildFile section */

/* Begin PBXFileReference section */
		150273C62A5943590006F4DA /* ShareByte.app */ = {isa = PBXFileReference; explicitFileType = wrapper.application; includeInIndex = 0; path = ShareByte.app; sourceTree = BUILT_PRODUCTS_DIR; };
		150273C92A5943590006F4DA /* ShareByteApp.swift */ = {isa = PBXFileReference; lastKnownFileType = sourcecode.swift; path = ShareByteApp.swift; sourceTree = "<group>"; };
		150273CB2A5943590006F4DA /* ContentView.swift */ = {isa = PBXFileReference; lastKnownFileType = sourcecode.swift; path = ContentView.swift; sourceTree = "<group>"; };
		150273CD2A59435B0006F4DA /* Assets.xcassets */ = {isa = PBXFileReference; lastKnownFileType = folder.assetcatalog; path = Assets.xcassets; sourceTree = "<group>"; };
		150273D02A59435B0006F4DA /* Preview Assets.xcassets */ = {isa = PBXFileReference; lastKnownFileType = folder.assetcatalog; path = "Preview Assets.xcassets"; sourceTree = "<group>"; };
		150273D72A5944AC0006F4DA /* Info.plist */ = {isa = PBXFileReference; lastKnownFileType = text.plist; path = Info.plist; sourceTree = "<group>"; };
		150273DD2A59C0E00006F4DA /* PeersScreen.swift */ = {isa = PBXFileReference; lastKnownFileType = sourcecode.swift; path = PeersScreen.swift; sourceTree = "<group>"; };
		150273DF2A59C0F20006F4DA /* PresentationScreen.swift */ = {isa = PBXFileReference; lastKnownFileType = sourcecode.swift; path = PresentationScreen.swift; sourceTree = "<group>"; };
		150273E12A59C1070006F4DA /* UserViewModel.swift */ = {isa = PBXFileReference; lastKnownFileType = sourcecode.swift; path = UserViewModel.swift; sourceTree = "<group>"; };
		150273E32A59C14C0006F4DA /* Role.swift */ = {isa = PBXFileReference; lastKnownFileType = sourcecode.swift; path = Role.swift; sourceTree = "<group>"; };
		1502FC152B1B1D3C0076D0D4 /* MessageProcessor.swift */ = {isa = PBXFileReference; lastKnownFileType = sourcecode.swift; path = MessageProcessor.swift; sourceTree = "<group>"; };
		1502FC172B1CE0A10076D0D4 /* AppTab.swift */ = {isa = PBXFileReference; lastKnownFileType = sourcecode.swift; path = AppTab.swift; sourceTree = "<group>"; };
		1502FC192B1D00EE0076D0D4 /* TabItemView.swift */ = {isa = PBXFileReference; lastKnownFileType = sourcecode.swift; path = TabItemView.swift; sourceTree = "<group>"; };
		1502FC1B2B1D012B0076D0D4 /* TabShape.swift */ = {isa = PBXFileReference; lastKnownFileType = sourcecode.swift; path = TabShape.swift; sourceTree = "<group>"; };
		1502FC1D2B1D03530076D0D4 /* TabPosition.swift */ = {isa = PBXFileReference; lastKnownFileType = sourcecode.swift; path = TabPosition.swift; sourceTree = "<group>"; };
		1505760A2B1E3C1500543230 /* ImageFile.swift */ = {isa = PBXFileReference; lastKnownFileType = sourcecode.swift; path = ImageFile.swift; sourceTree = "<group>"; };
		1505760C2B1E3E2D00543230 /* ImageItemsView.swift */ = {isa = PBXFileReference; lastKnownFileType = sourcecode.swift; path = ImageItemsView.swift; sourceTree = "<group>"; };
		1505760E2B1E447600543230 /* SnapCarouselHelperView.swift */ = {isa = PBXFileReference; lastKnownFileType = sourcecode.swift; path = SnapCarouselHelperView.swift; sourceTree = "<group>"; };
		150A56762B25CF050074163D /* ScreenShotPreventView.swift */ = {isa = PBXFileReference; lastKnownFileType = sourcecode.swift; path = ScreenShotPreventView.swift; sourceTree = "<group>"; };
		150DED352AD9C5B000F642E8 /* AppNetwork.swift */ = {isa = PBXFileReference; lastKnownFileType = sourcecode.swift; path = AppNetwork.swift; sourceTree = "<group>"; };
		150DED372AD9C66200F642E8 /* ServiceLocator.swift */ = {isa = PBXFileReference; lastKnownFileType = sourcecode.swift; path = ServiceLocator.swift; sourceTree = "<group>"; };
		150DED392AD9C68E00F642E8 /* Configurator.swift */ = {isa = PBXFileReference; lastKnownFileType = sourcecode.swift; path = Configurator.swift; sourceTree = "<group>"; };
		150DED3B2AD9C80000F642E8 /* InjectedWrapper.swift */ = {isa = PBXFileReference; lastKnownFileType = sourcecode.swift; path = InjectedWrapper.swift; sourceTree = "<group>"; };
		150DED3F2ADC407F00F642E8 /* ImageView.swift */ = {isa = PBXFileReference; lastKnownFileType = sourcecode.swift; path = ImageView.swift; sourceTree = "<group>"; };
		153215BB2A7970EC0038B0FA /* Message.swift */ = {isa = PBXFileReference; lastKnownFileType = sourcecode.swift; path = Message.swift; sourceTree = "<group>"; };
		153215BE2A8285F80038B0FA /* DiscoverableStatus.swift */ = {isa = PBXFileReference; lastKnownFileType = sourcecode.swift; path = DiscoverableStatus.swift; sourceTree = "<group>"; };
		1550D5182B28C2C4003E4994 /* Tool.swift */ = {isa = PBXFileReference; lastKnownFileType = sourcecode.swift; path = Tool.swift; sourceTree = "<group>"; };
		1550D51A2B28E0AB003E4994 /* ToolView.swift */ = {isa = PBXFileReference; lastKnownFileType = sourcecode.swift; path = ToolView.swift; sourceTree = "<group>"; };
		1550D51C2B28E1F5003E4994 /* ToolBarView.swift */ = {isa = PBXFileReference; lastKnownFileType = sourcecode.swift; path = ToolBarView.swift; sourceTree = "<group>"; };
		15653BC82AD1CF47005A0D06 /* DataBase.swift */ = {isa = PBXFileReference; lastKnownFileType = sourcecode.swift; path = DataBase.swift; sourceTree = "<group>"; };
		1565C0992AD45B2100AAB651 /* RickAndMortyAPI.swift */ = {isa = PBXFileReference; lastKnownFileType = sourcecode.swift; path = RickAndMortyAPI.swift; sourceTree = "<group>"; };
		156B0BB42AD700090095E837 /* SelectAvatarView.swift */ = {isa = PBXFileReference; lastKnownFileType = sourcecode.swift; path = SelectAvatarView.swift; sourceTree = "<group>"; };
		156B0BB62AD7048B0095E837 /* SearchAvatar.swift */ = {isa = PBXFileReference; lastKnownFileType = sourcecode.swift; path = SearchAvatar.swift; sourceTree = "<group>"; };
		156B0BB92AD86B2E0095E837 /* RandomAccessCollection.swift */ = {isa = PBXFileReference; lastKnownFileType = sourcecode.swift; path = RandomAccessCollection.swift; sourceTree = "<group>"; };
		1578204D2A5B2E54007FA7BF /* PeerManager.swift */ = {isa = PBXFileReference; lastKnownFileType = sourcecode.swift; path = PeerManager.swift; sourceTree = "<group>"; };
		159A6C942B2242A20096C1E3 /* PeerRowView.swift */ = {isa = PBXFileReference; lastKnownFileType = sourcecode.swift; path = PeerRowView.swift; sourceTree = "<group>"; };
		159E93002AFFE12000A5E6F7 /* AppDecoder.swift */ = {isa = PBXFileReference; lastKnownFileType = sourcecode.swift; path = AppDecoder.swift; sourceTree = "<group>"; };
		159E93022AFFF41000A5E6F7 /* UIImage.swift */ = {isa = PBXFileReference; lastKnownFileType = sourcecode.swift; path = UIImage.swift; sourceTree = "<group>"; };
		15AA092D2AFD380000B5151A /* FileManager.swift */ = {isa = PBXFileReference; lastKnownFileType = sourcecode.swift; path = FileManager.swift; sourceTree = "<group>"; };
		15B53BD82B278551004D4A2E /* CircleButtonView.swift */ = {isa = PBXFileReference; lastKnownFileType = sourcecode.swift; path = CircleButtonView.swift; sourceTree = "<group>"; };
		15B78C5F2A62E1BA007943BA /* PersonScreen.swift */ = {isa = PBXFileReference; lastKnownFileType = sourcecode.swift; path = PersonScreen.swift; sourceTree = "<group>"; };
		15B78C612A64616A007943BA /* ViewerView.swift */ = {isa = PBXFileReference; lastKnownFileType = sourcecode.swift; path = ViewerView.swift; sourceTree = "<group>"; };
		15B78C632A6466A6007943BA /* PresenterView.swift */ = {isa = PBXFileReference; lastKnownFileType = sourcecode.swift; path = PresenterView.swift; sourceTree = "<group>"; };
		15B78C6B2A64718C007943BA /* PresentationState.swift */ = {isa = PBXFileReference; lastKnownFileType = sourcecode.swift; path = PresentationState.swift; sourceTree = "<group>"; };
		15B78C6F2A6475CE007943BA /* Presentation.swift */ = {isa = PBXFileReference; lastKnownFileType = sourcecode.swift; path = Presentation.swift; sourceTree = "<group>"; };
		15B7E3112B0905AE00AB4E17 /* NetworkMonitor.swift */ = {isa = PBXFileReference; lastKnownFileType = sourcecode.swift; path = NetworkMonitor.swift; sourceTree = "<group>"; };
		15B7E3132B09101A00AB4E17 /* Data.swift */ = {isa = PBXFileReference; lastKnownFileType = sourcecode.swift; path = Data.swift; sourceTree = "<group>"; };
		15B7E31A2B0937D900AB4E17 /* StrockedCapsule.swift */ = {isa = PBXFileReference; lastKnownFileType = sourcecode.swift; path = StrockedCapsule.swift; sourceTree = "<group>"; };
		15B7E31C2B09384D00AB4E17 /* View.swift */ = {isa = PBXFileReference; lastKnownFileType = sourcecode.swift; path = View.swift; sourceTree = "<group>"; };
		15C1691D2B1F98BF00B7A9D6 /* PresentationButtonView.swift */ = {isa = PBXFileReference; lastKnownFileType = sourcecode.swift; path = PresentationButtonView.swift; sourceTree = "<group>"; };
		7CB20DA42AB7582900C4CEE5 /* User.swift */ = {isa = PBXFileReference; lastKnownFileType = sourcecode.swift; path = User.swift; sourceTree = "<group>"; };
/* End PBXFileReference section */

/* Begin PBXFrameworksBuildPhase section */
		150273C32A5943590006F4DA /* Frameworks */ = {
			isa = PBXFrameworksBuildPhase;
			buildActionMask = 2147483647;
			files = (
				7CB20DAA2AB75B0B00C4CEE5 /* RealmSwift in Frameworks */,
				7CB20DA82AB75B0B00C4CEE5 /* Realm in Frameworks */,
			);
			runOnlyForDeploymentPostprocessing = 0;
		};
/* End PBXFrameworksBuildPhase section */

/* Begin PBXGroup section */
		150273BD2A5943590006F4DA = {
			isa = PBXGroup;
			children = (
				150273C82A5943590006F4DA /* ShareByte */,
				150273C72A5943590006F4DA /* Products */,
			);
			sourceTree = "<group>";
		};
		150273C72A5943590006F4DA /* Products */ = {
			isa = PBXGroup;
			children = (
				150273C62A5943590006F4DA /* ShareByte.app */,
			);
			name = Products;
			sourceTree = "<group>";
		};
		150273C82A5943590006F4DA /* ShareByte */ = {
			isa = PBXGroup;
			children = (
				150273D72A5944AC0006F4DA /* Info.plist */,
				150273C92A5943590006F4DA /* ShareByteApp.swift */,
				150273CB2A5943590006F4DA /* ContentView.swift */,
				150273E52A59C1BC0006F4DA /* View */,
				150273E62A59C1D20006F4DA /* ViewModel */,
				150273DA2A59C08C0006F4DA /* Model */,
				15653BC72AD1CD82005A0D06 /* Module */,
				150273CD2A59435B0006F4DA /* Assets.xcassets */,
				150273CF2A59435B0006F4DA /* Preview Content */,
			);
			path = ShareByte;
			sourceTree = "<group>";
		};
		150273CF2A59435B0006F4DA /* Preview Content */ = {
			isa = PBXGroup;
			children = (
				150273D02A59435B0006F4DA /* Preview Assets.xcassets */,
			);
			path = "Preview Content";
			sourceTree = "<group>";
		};
		150273DA2A59C08C0006F4DA /* Model */ = {
			isa = PBXGroup;
			children = (
				156B0BB82AD86B110095E837 /* Extension */,
				1578204D2A5B2E54007FA7BF /* PeerManager.swift */,
				153215BB2A7970EC0038B0FA /* Message.swift */,
				1502FC152B1B1D3C0076D0D4 /* MessageProcessor.swift */,
				7CB20DA42AB7582900C4CEE5 /* User.swift */,
				15B78C6F2A6475CE007943BA /* Presentation.swift */,
				1505760A2B1E3C1500543230 /* ImageFile.swift */,
				153215BD2A79719F0038B0FA /* Enum */,
				159E93002AFFE12000A5E6F7 /* AppDecoder.swift */,
				15B7E3112B0905AE00AB4E17 /* NetworkMonitor.swift */,
				1502FC172B1CE0A10076D0D4 /* AppTab.swift */,
				1550D5182B28C2C4003E4994 /* Tool.swift */,
			);
			path = Model;
			sourceTree = "<group>";
		};
		150273E52A59C1BC0006F4DA /* View */ = {
			isa = PBXGroup;
			children = (
				15B7E3152B09132700AB4E17 /* Extension */,
				150DED412ADC408400F642E8 /* Helper */,
				150DED322AD9C43C00F642E8 /* PresentationScreen */,
				150DED332AD9C45600F642E8 /* PeersScreen */,
				150DED342AD9C46300F642E8 /* PersonScreen */,
				156B0BB42AD700090095E837 /* SelectAvatarView.swift */,
			);
			path = View;
			sourceTree = "<group>";
		};
		150273E62A59C1D20006F4DA /* ViewModel */ = {
			isa = PBXGroup;
			children = (
				150273E12A59C1070006F4DA /* UserViewModel.swift */,
				156B0BB62AD7048B0095E837 /* SearchAvatar.swift */,
			);
			path = ViewModel;
			sourceTree = "<group>";
		};
		150DED322AD9C43C00F642E8 /* PresentationScreen */ = {
			isa = PBXGroup;
			children = (
				150273DF2A59C0F20006F4DA /* PresentationScreen.swift */,
				15B78C612A64616A007943BA /* ViewerView.swift */,
				15B78C632A6466A6007943BA /* PresenterView.swift */,
				1505760C2B1E3E2D00543230 /* ImageItemsView.swift */,
			);
			path = PresentationScreen;
			sourceTree = "<group>";
		};
		150DED332AD9C45600F642E8 /* PeersScreen */ = {
			isa = PBXGroup;
			children = (
				150273DD2A59C0E00006F4DA /* PeersScreen.swift */,
				159A6C942B2242A20096C1E3 /* PeerRowView.swift */,
			);
			path = PeersScreen;
			sourceTree = "<group>";
		};
		150DED342AD9C46300F642E8 /* PersonScreen */ = {
			isa = PBXGroup;
			children = (
				15B78C5F2A62E1BA007943BA /* PersonScreen.swift */,
			);
			path = PersonScreen;
			sourceTree = "<group>";
		};
		150DED3D2AD9CCF600F642E8 /* Network */ = {
			isa = PBXGroup;
			children = (
				150DED352AD9C5B000F642E8 /* AppNetwork.swift */,
				1565C0992AD45B2100AAB651 /* RickAndMortyAPI.swift */,
			);
			path = Network;
			sourceTree = "<group>";
		};
		150DED3E2ADC0D6000F642E8 /* DataBase */ = {
			isa = PBXGroup;
			children = (
				15653BC82AD1CF47005A0D06 /* DataBase.swift */,
			);
			path = DataBase;
			sourceTree = "<group>";
		};
		150DED412ADC408400F642E8 /* Helper */ = {
			isa = PBXGroup;
			children = (
				150DED3F2ADC407F00F642E8 /* ImageView.swift */,
				15B7E31A2B0937D900AB4E17 /* StrockedCapsule.swift */,
				1502FC192B1D00EE0076D0D4 /* TabItemView.swift */,
				1502FC1B2B1D012B0076D0D4 /* TabShape.swift */,
				1502FC1D2B1D03530076D0D4 /* TabPosition.swift */,
				1505760E2B1E447600543230 /* SnapCarouselHelperView.swift */,
				15C1691D2B1F98BF00B7A9D6 /* PresentationButtonView.swift */,
				150A56762B25CF050074163D /* ScreenShotPreventView.swift */,
				15B53BD82B278551004D4A2E /* CircleButtonView.swift */,
				1550D51A2B28E0AB003E4994 /* ToolView.swift */,
				1550D51C2B28E1F5003E4994 /* ToolBarView.swift */,
			);
			path = Helper;
			sourceTree = "<group>";
		};
		153215BD2A79719F0038B0FA /* Enum */ = {
			isa = PBXGroup;
			children = (
				150273E32A59C14C0006F4DA /* Role.swift */,
				15B78C6B2A64718C007943BA /* PresentationState.swift */,
				153215BE2A8285F80038B0FA /* DiscoverableStatus.swift */,
			);
			path = Enum;
			sourceTree = "<group>";
		};
		15653BC72AD1CD82005A0D06 /* Module */ = {
			isa = PBXGroup;
			children = (
				150DED3E2ADC0D6000F642E8 /* DataBase */,
				150DED3D2AD9CCF600F642E8 /* Network */,
				150DED372AD9C66200F642E8 /* ServiceLocator.swift */,
				150DED392AD9C68E00F642E8 /* Configurator.swift */,
				150DED3B2AD9C80000F642E8 /* InjectedWrapper.swift */,
			);
			path = Module;
			sourceTree = "<group>";
		};
		156B0BB82AD86B110095E837 /* Extension */ = {
			isa = PBXGroup;
			children = (
				156B0BB92AD86B2E0095E837 /* RandomAccessCollection.swift */,
				15AA092D2AFD380000B5151A /* FileManager.swift */,
				159E93022AFFF41000A5E6F7 /* UIImage.swift */,
				15B7E3132B09101A00AB4E17 /* Data.swift */,
				15B7E31C2B09384D00AB4E17 /* View.swift */,
			);
			path = Extension;
			sourceTree = "<group>";
		};
		15B7E3152B09132700AB4E17 /* Extension */ = {
			isa = PBXGroup;
			children = (
			);
			path = Extension;
			sourceTree = "<group>";
		};
/* End PBXGroup section */

/* Begin PBXNativeTarget section */
		150273C52A5943590006F4DA /* ShareByte */ = {
			isa = PBXNativeTarget;
			buildConfigurationList = 150273D42A59435B0006F4DA /* Build configuration list for PBXNativeTarget "ShareByte" */;
			buildPhases = (
				150273C22A5943590006F4DA /* Sources */,
				150273C32A5943590006F4DA /* Frameworks */,
				150273C42A5943590006F4DA /* Resources */,
			);
			buildRules = (
			);
			dependencies = (
			);
			name = ShareByte;
			packageProductDependencies = (
				7CB20DA72AB75B0B00C4CEE5 /* Realm */,
				7CB20DA92AB75B0B00C4CEE5 /* RealmSwift */,
			);
			productName = ShareByte;
			productReference = 150273C62A5943590006F4DA /* ShareByte.app */;
			productType = "com.apple.product-type.application";
		};
/* End PBXNativeTarget section */

/* Begin PBXProject section */
		150273BE2A5943590006F4DA /* Project object */ = {
			isa = PBXProject;
			attributes = {
				BuildIndependentTargetsInParallel = 1;
				LastSwiftUpdateCheck = 1430;
				LastUpgradeCheck = 1430;
				TargetAttributes = {
					150273C52A5943590006F4DA = {
						CreatedOnToolsVersion = 14.3.1;
					};
				};
			};
			buildConfigurationList = 150273C12A5943590006F4DA /* Build configuration list for PBXProject "ShareByte" */;
			compatibilityVersion = "Xcode 14.0";
			developmentRegion = en;
			hasScannedForEncodings = 0;
			knownRegions = (
				en,
				Base,
			);
			mainGroup = 150273BD2A5943590006F4DA;
			packageReferences = (
				7CB20DA62AB75B0B00C4CEE5 /* XCRemoteSwiftPackageReference "realm-swift" */,
			);
			productRefGroup = 150273C72A5943590006F4DA /* Products */;
			projectDirPath = "";
			projectRoot = "";
			targets = (
				150273C52A5943590006F4DA /* ShareByte */,
			);
		};
/* End PBXProject section */

/* Begin PBXResourcesBuildPhase section */
		150273C42A5943590006F4DA /* Resources */ = {
			isa = PBXResourcesBuildPhase;
			buildActionMask = 2147483647;
			files = (
				150273D12A59435B0006F4DA /* Preview Assets.xcassets in Resources */,
				150273CE2A59435B0006F4DA /* Assets.xcassets in Resources */,
			);
			runOnlyForDeploymentPostprocessing = 0;
		};
/* End PBXResourcesBuildPhase section */

/* Begin PBXSourcesBuildPhase section */
		150273C22A5943590006F4DA /* Sources */ = {
			isa = PBXSourcesBuildPhase;
			buildActionMask = 2147483647;
			files = (
				1550D51B2B28E0AB003E4994 /* ToolView.swift in Sources */,
				150DED402ADC407F00F642E8 /* ImageView.swift in Sources */,
				150DED382AD9C66200F642E8 /* ServiceLocator.swift in Sources */,
				1505760F2B1E447600543230 /* SnapCarouselHelperView.swift in Sources */,
				1505760D2B1E3E2D00543230 /* ImageItemsView.swift in Sources */,
				15C1691E2B1F98C000B7A9D6 /* PresentationButtonView.swift in Sources */,
				150273DE2A59C0E00006F4DA /* PeersScreen.swift in Sources */,
				15AA092E2AFD380000B5151A /* FileManager.swift in Sources */,
				159A6C952B2242A20096C1E3 /* PeerRowView.swift in Sources */,
				150273E02A59C0F20006F4DA /* PresentationScreen.swift in Sources */,
				156B0BB72AD7048B0095E837 /* SearchAvatar.swift in Sources */,
				150DED3A2AD9C68E00F642E8 /* Configurator.swift in Sources */,
				15653BC92AD1CF47005A0D06 /* DataBase.swift in Sources */,
				15B7E31D2B09384D00AB4E17 /* View.swift in Sources */,
				15B78C602A62E1BA007943BA /* PersonScreen.swift in Sources */,
				153215BC2A7970EC0038B0FA /* Message.swift in Sources */,
				15B78C702A6475CE007943BA /* Presentation.swift in Sources */,
				1502FC1A2B1D00EE0076D0D4 /* TabItemView.swift in Sources */,
				1550D51D2B28E1F5003E4994 /* ToolBarView.swift in Sources */,
				1502FC1E2B1D03530076D0D4 /* TabPosition.swift in Sources */,
				15B53BD92B278551004D4A2E /* CircleButtonView.swift in Sources */,
				150273E42A59C14C0006F4DA /* Role.swift in Sources */,
				159E93012AFFE12000A5E6F7 /* AppDecoder.swift in Sources */,
				1502FC162B1B1D3C0076D0D4 /* MessageProcessor.swift in Sources */,
				7CB20DA52AB7582900C4CEE5 /* User.swift in Sources */,
				15B78C642A6466A6007943BA /* PresenterView.swift in Sources */,
				15B78C6C2A64718C007943BA /* PresentationState.swift in Sources */,
				150A56772B25CF050074163D /* ScreenShotPreventView.swift in Sources */,
				1578204E2A5B2E54007FA7BF /* PeerManager.swift in Sources */,
				153215BF2A8285F80038B0FA /* DiscoverableStatus.swift in Sources */,
				15B7E3142B09101A00AB4E17 /* Data.swift in Sources */,
				1502FC182B1CE0A10076D0D4 /* AppTab.swift in Sources */,
				159E93032AFFF41000A5E6F7 /* UIImage.swift in Sources */,
				156B0BBA2AD86B2E0095E837 /* RandomAccessCollection.swift in Sources */,
				150DED362AD9C5B000F642E8 /* AppNetwork.swift in Sources */,
				1550D5192B28C2C4003E4994 /* Tool.swift in Sources */,
				15B7E3122B0905AE00AB4E17 /* NetworkMonitor.swift in Sources */,
				1565C09A2AD45B2100AAB651 /* RickAndMortyAPI.swift in Sources */,
				1502FC1C2B1D012B0076D0D4 /* TabShape.swift in Sources */,
				1505760B2B1E3C1500543230 /* ImageFile.swift in Sources */,
				15B7E31B2B0937D900AB4E17 /* StrockedCapsule.swift in Sources */,
				150DED3C2AD9C80000F642E8 /* InjectedWrapper.swift in Sources */,
				156B0BB52AD700090095E837 /* SelectAvatarView.swift in Sources */,
				15B78C622A64616A007943BA /* ViewerView.swift in Sources */,
				150273CC2A5943590006F4DA /* ContentView.swift in Sources */,
				150273CA2A5943590006F4DA /* ShareByteApp.swift in Sources */,
				150273E22A59C1070006F4DA /* UserViewModel.swift in Sources */,
			);
			runOnlyForDeploymentPostprocessing = 0;
		};
/* End PBXSourcesBuildPhase section */

/* Begin XCBuildConfiguration section */
		150273D22A59435B0006F4DA /* Debug */ = {
			isa = XCBuildConfiguration;
			buildSettings = {
				ALWAYS_SEARCH_USER_PATHS = NO;
				CLANG_ANALYZER_NONNULL = YES;
				CLANG_ANALYZER_NUMBER_OBJECT_CONVERSION = YES_AGGRESSIVE;
				CLANG_CXX_LANGUAGE_STANDARD = "gnu++20";
				CLANG_ENABLE_MODULES = YES;
				CLANG_ENABLE_OBJC_ARC = YES;
				CLANG_ENABLE_OBJC_WEAK = YES;
				CLANG_WARN_BLOCK_CAPTURE_AUTORELEASING = YES;
				CLANG_WARN_BOOL_CONVERSION = YES;
				CLANG_WARN_COMMA = YES;
				CLANG_WARN_CONSTANT_CONVERSION = YES;
				CLANG_WARN_DEPRECATED_OBJC_IMPLEMENTATIONS = YES;
				CLANG_WARN_DIRECT_OBJC_ISA_USAGE = YES_ERROR;
				CLANG_WARN_DOCUMENTATION_COMMENTS = YES;
				CLANG_WARN_EMPTY_BODY = YES;
				CLANG_WARN_ENUM_CONVERSION = YES;
				CLANG_WARN_INFINITE_RECURSION = YES;
				CLANG_WARN_INT_CONVERSION = YES;
				CLANG_WARN_NON_LITERAL_NULL_CONVERSION = YES;
				CLANG_WARN_OBJC_IMPLICIT_RETAIN_SELF = YES;
				CLANG_WARN_OBJC_LITERAL_CONVERSION = YES;
				CLANG_WARN_OBJC_ROOT_CLASS = YES_ERROR;
				CLANG_WARN_QUOTED_INCLUDE_IN_FRAMEWORK_HEADER = YES;
				CLANG_WARN_RANGE_LOOP_ANALYSIS = YES;
				CLANG_WARN_STRICT_PROTOTYPES = YES;
				CLANG_WARN_SUSPICIOUS_MOVE = YES;
				CLANG_WARN_UNGUARDED_AVAILABILITY = YES_AGGRESSIVE;
				CLANG_WARN_UNREACHABLE_CODE = YES;
				CLANG_WARN__DUPLICATE_METHOD_MATCH = YES;
				COPY_PHASE_STRIP = NO;
				DEBUG_INFORMATION_FORMAT = dwarf;
				ENABLE_STRICT_OBJC_MSGSEND = YES;
				ENABLE_TESTABILITY = YES;
				GCC_C_LANGUAGE_STANDARD = gnu11;
				GCC_DYNAMIC_NO_PIC = NO;
				GCC_NO_COMMON_BLOCKS = YES;
				GCC_OPTIMIZATION_LEVEL = 0;
				GCC_PREPROCESSOR_DEFINITIONS = (
					"DEBUG=1",
					"$(inherited)",
				);
				GCC_WARN_64_TO_32_BIT_CONVERSION = YES;
				GCC_WARN_ABOUT_RETURN_TYPE = YES_ERROR;
				GCC_WARN_UNDECLARED_SELECTOR = YES;
				GCC_WARN_UNINITIALIZED_AUTOS = YES_AGGRESSIVE;
				GCC_WARN_UNUSED_FUNCTION = YES;
				GCC_WARN_UNUSED_VARIABLE = YES;
				IPHONEOS_DEPLOYMENT_TARGET = 16.4;
				MTL_ENABLE_DEBUG_INFO = INCLUDE_SOURCE;
				MTL_FAST_MATH = YES;
				ONLY_ACTIVE_ARCH = YES;
				SDKROOT = iphoneos;
				SWIFT_ACTIVE_COMPILATION_CONDITIONS = DEBUG;
				SWIFT_OPTIMIZATION_LEVEL = "-Onone";
			};
			name = Debug;
		};
		150273D32A59435B0006F4DA /* Release */ = {
			isa = XCBuildConfiguration;
			buildSettings = {
				ALWAYS_SEARCH_USER_PATHS = NO;
				CLANG_ANALYZER_NONNULL = YES;
				CLANG_ANALYZER_NUMBER_OBJECT_CONVERSION = YES_AGGRESSIVE;
				CLANG_CXX_LANGUAGE_STANDARD = "gnu++20";
				CLANG_ENABLE_MODULES = YES;
				CLANG_ENABLE_OBJC_ARC = YES;
				CLANG_ENABLE_OBJC_WEAK = YES;
				CLANG_WARN_BLOCK_CAPTURE_AUTORELEASING = YES;
				CLANG_WARN_BOOL_CONVERSION = YES;
				CLANG_WARN_COMMA = YES;
				CLANG_WARN_CONSTANT_CONVERSION = YES;
				CLANG_WARN_DEPRECATED_OBJC_IMPLEMENTATIONS = YES;
				CLANG_WARN_DIRECT_OBJC_ISA_USAGE = YES_ERROR;
				CLANG_WARN_DOCUMENTATION_COMMENTS = YES;
				CLANG_WARN_EMPTY_BODY = YES;
				CLANG_WARN_ENUM_CONVERSION = YES;
				CLANG_WARN_INFINITE_RECURSION = YES;
				CLANG_WARN_INT_CONVERSION = YES;
				CLANG_WARN_NON_LITERAL_NULL_CONVERSION = YES;
				CLANG_WARN_OBJC_IMPLICIT_RETAIN_SELF = YES;
				CLANG_WARN_OBJC_LITERAL_CONVERSION = YES;
				CLANG_WARN_OBJC_ROOT_CLASS = YES_ERROR;
				CLANG_WARN_QUOTED_INCLUDE_IN_FRAMEWORK_HEADER = YES;
				CLANG_WARN_RANGE_LOOP_ANALYSIS = YES;
				CLANG_WARN_STRICT_PROTOTYPES = YES;
				CLANG_WARN_SUSPICIOUS_MOVE = YES;
				CLANG_WARN_UNGUARDED_AVAILABILITY = YES_AGGRESSIVE;
				CLANG_WARN_UNREACHABLE_CODE = YES;
				CLANG_WARN__DUPLICATE_METHOD_MATCH = YES;
				COPY_PHASE_STRIP = NO;
				DEBUG_INFORMATION_FORMAT = "dwarf-with-dsym";
				ENABLE_NS_ASSERTIONS = NO;
				ENABLE_STRICT_OBJC_MSGSEND = YES;
				GCC_C_LANGUAGE_STANDARD = gnu11;
				GCC_NO_COMMON_BLOCKS = YES;
				GCC_WARN_64_TO_32_BIT_CONVERSION = YES;
				GCC_WARN_ABOUT_RETURN_TYPE = YES_ERROR;
				GCC_WARN_UNDECLARED_SELECTOR = YES;
				GCC_WARN_UNINITIALIZED_AUTOS = YES_AGGRESSIVE;
				GCC_WARN_UNUSED_FUNCTION = YES;
				GCC_WARN_UNUSED_VARIABLE = YES;
				IPHONEOS_DEPLOYMENT_TARGET = 16.4;
				MTL_ENABLE_DEBUG_INFO = NO;
				MTL_FAST_MATH = YES;
				SDKROOT = iphoneos;
				SWIFT_COMPILATION_MODE = wholemodule;
				SWIFT_OPTIMIZATION_LEVEL = "-O";
				VALIDATE_PRODUCT = YES;
			};
			name = Release;
		};
		150273D52A59435B0006F4DA /* Debug */ = {
			isa = XCBuildConfiguration;
			buildSettings = {
				ASSETCATALOG_COMPILER_APPICON_NAME = AppIcon;
				ASSETCATALOG_COMPILER_GLOBAL_ACCENT_COLOR_NAME = AccentColor;
				CODE_SIGN_STYLE = Automatic;
				CURRENT_PROJECT_VERSION = 1;
				DEVELOPMENT_ASSET_PATHS = "\"ShareByte/Preview Content\"";
				DEVELOPMENT_TEAM = U2FNWP55H5;
				ENABLE_PREVIEWS = YES;
				GENERATE_INFOPLIST_FILE = YES;
				INFOPLIST_FILE = ShareByte/Info.plist;
				INFOPLIST_KEY_UIApplicationSceneManifest_Generation = YES;
				INFOPLIST_KEY_UIApplicationSupportsIndirectInputEvents = YES;
				INFOPLIST_KEY_UILaunchScreen_Generation = YES;
				INFOPLIST_KEY_UISupportedInterfaceOrientations_iPad = "UIInterfaceOrientationPortrait UIInterfaceOrientationPortraitUpsideDown UIInterfaceOrientationLandscapeLeft UIInterfaceOrientationLandscapeRight";
				INFOPLIST_KEY_UISupportedInterfaceOrientations_iPhone = "UIInterfaceOrientationPortrait UIInterfaceOrientationLandscapeLeft UIInterfaceOrientationLandscapeRight";
				LD_RUNPATH_SEARCH_PATHS = (
					"$(inherited)",
					"@executable_path/Frameworks",
				);
				MARKETING_VERSION = 1.0;
				PRODUCT_BUNDLE_IDENTIFIER = com.mityunindmitry.ShareByte;
				PRODUCT_NAME = "$(TARGET_NAME)";
				SWIFT_EMIT_LOC_STRINGS = YES;
				SWIFT_VERSION = 5.0;
				TARGETED_DEVICE_FAMILY = "1,2";
			};
			name = Debug;
		};
		150273D62A59435B0006F4DA /* Release */ = {
			isa = XCBuildConfiguration;
			buildSettings = {
				ASSETCATALOG_COMPILER_APPICON_NAME = AppIcon;
				ASSETCATALOG_COMPILER_GLOBAL_ACCENT_COLOR_NAME = AccentColor;
				CODE_SIGN_STYLE = Automatic;
				CURRENT_PROJECT_VERSION = 1;
				DEVELOPMENT_ASSET_PATHS = "\"ShareByte/Preview Content\"";
				DEVELOPMENT_TEAM = U2FNWP55H5;
				ENABLE_PREVIEWS = YES;
				GENERATE_INFOPLIST_FILE = YES;
				INFOPLIST_FILE = ShareByte/Info.plist;
				INFOPLIST_KEY_UIApplicationSceneManifest_Generation = YES;
				INFOPLIST_KEY_UIApplicationSupportsIndirectInputEvents = YES;
				INFOPLIST_KEY_UILaunchScreen_Generation = YES;
				INFOPLIST_KEY_UISupportedInterfaceOrientations_iPad = "UIInterfaceOrientationPortrait UIInterfaceOrientationPortraitUpsideDown UIInterfaceOrientationLandscapeLeft UIInterfaceOrientationLandscapeRight";
				INFOPLIST_KEY_UISupportedInterfaceOrientations_iPhone = "UIInterfaceOrientationPortrait UIInterfaceOrientationLandscapeLeft UIInterfaceOrientationLandscapeRight";
				LD_RUNPATH_SEARCH_PATHS = (
					"$(inherited)",
					"@executable_path/Frameworks",
				);
				MARKETING_VERSION = 1.0;
				PRODUCT_BUNDLE_IDENTIFIER = com.mityunindmitry.ShareByte;
				PRODUCT_NAME = "$(TARGET_NAME)";
				SWIFT_EMIT_LOC_STRINGS = YES;
				SWIFT_VERSION = 5.0;
				TARGETED_DEVICE_FAMILY = "1,2";
			};
			name = Release;
		};
/* End XCBuildConfiguration section */

/* Begin XCConfigurationList section */
		150273C12A5943590006F4DA /* Build configuration list for PBXProject "ShareByte" */ = {
			isa = XCConfigurationList;
			buildConfigurations = (
				150273D22A59435B0006F4DA /* Debug */,
				150273D32A59435B0006F4DA /* Release */,
			);
			defaultConfigurationIsVisible = 0;
			defaultConfigurationName = Release;
		};
		150273D42A59435B0006F4DA /* Build configuration list for PBXNativeTarget "ShareByte" */ = {
			isa = XCConfigurationList;
			buildConfigurations = (
				150273D52A59435B0006F4DA /* Debug */,
				150273D62A59435B0006F4DA /* Release */,
			);
			defaultConfigurationIsVisible = 0;
			defaultConfigurationName = Release;
		};
/* End XCConfigurationList section */

/* Begin XCRemoteSwiftPackageReference section */
		7CB20DA62AB75B0B00C4CEE5 /* XCRemoteSwiftPackageReference "realm-swift" */ = {
			isa = XCRemoteSwiftPackageReference;
			repositoryURL = "https://github.com/realm/realm-swift.git";
			requirement = {
				kind = upToNextMajorVersion;
				minimumVersion = 10.42.2;
			};
		};
/* End XCRemoteSwiftPackageReference section */

/* Begin XCSwiftPackageProductDependency section */
		7CB20DA72AB75B0B00C4CEE5 /* Realm */ = {
			isa = XCSwiftPackageProductDependency;
			package = 7CB20DA62AB75B0B00C4CEE5 /* XCRemoteSwiftPackageReference "realm-swift" */;
			productName = Realm;
		};
		7CB20DA92AB75B0B00C4CEE5 /* RealmSwift */ = {
			isa = XCSwiftPackageProductDependency;
			package = 7CB20DA62AB75B0B00C4CEE5 /* XCRemoteSwiftPackageReference "realm-swift" */;
			productName = RealmSwift;
		};
/* End XCSwiftPackageProductDependency section */
	};
	rootObject = 150273BE2A5943590006F4DA /* Project object */;
}
