// !$*UTF8*$!
{
	archiveVersion = 1;
	classes = {
	};
	objectVersion = 56;
	objects = {

/* Begin PBXBuildFile section */
		150273CA2A5943590006F4DA /* ShareByteApp.swift in Sources */ = {isa = PBXBuildFile; fileRef = 150273C92A5943590006F4DA /* ShareByteApp.swift */; };
		150273CC2A5943590006F4DA /* ContentView.swift in Sources */ = {isa = PBXBuildFile; fileRef = 150273CB2A5943590006F4DA /* ContentView.swift */; };
		150273CE2A59435B0006F4DA /* Assets.xcassets in Resources */ = {isa = PBXBuildFile; fileRef = 150273CD2A59435B0006F4DA /* Assets.xcassets */; };
		150273D12A59435B0006F4DA /* Preview Assets.xcassets in Resources */ = {isa = PBXBuildFile; fileRef = 150273D02A59435B0006F4DA /* Preview Assets.xcassets */; };
		150273DC2A59C0AA0006F4DA /* TabManager.swift in Sources */ = {isa = PBXBuildFile; fileRef = 150273DB2A59C0AA0006F4DA /* TabManager.swift */; };
		150273DE2A59C0E00006F4DA /* PeersScreen.swift in Sources */ = {isa = PBXBuildFile; fileRef = 150273DD2A59C0E00006F4DA /* PeersScreen.swift */; };
		150273E02A59C0F20006F4DA /* PresentationScreen.swift in Sources */ = {isa = PBXBuildFile; fileRef = 150273DF2A59C0F20006F4DA /* PresentationScreen.swift */; };
		150273E22A59C1070006F4DA /* UserViewModel.swift in Sources */ = {isa = PBXBuildFile; fileRef = 150273E12A59C1070006F4DA /* UserViewModel.swift */; };
		150273E42A59C14C0006F4DA /* Role.swift in Sources */ = {isa = PBXBuildFile; fileRef = 150273E32A59C14C0006F4DA /* Role.swift */; };
		1578204E2A5B2E54007FA7BF /* PeerManager.swift in Sources */ = {isa = PBXBuildFile; fileRef = 1578204D2A5B2E54007FA7BF /* PeerManager.swift */; };
		15B78C602A62E1BA007943BA /* PersonScreen.swift in Sources */ = {isa = PBXBuildFile; fileRef = 15B78C5F2A62E1BA007943BA /* PersonScreen.swift */; };
		15B78C622A64616A007943BA /* ViewerView.swift in Sources */ = {isa = PBXBuildFile; fileRef = 15B78C612A64616A007943BA /* ViewerView.swift */; };
		15B78C642A6466A6007943BA /* PresenterView.swift in Sources */ = {isa = PBXBuildFile; fileRef = 15B78C632A6466A6007943BA /* PresenterView.swift */; };
		15B78C662A646C51007943BA /* SelectingImageView.swift in Sources */ = {isa = PBXBuildFile; fileRef = 15B78C652A646C51007943BA /* SelectingImageView.swift */; };
		15B78C682A646F12007943BA /* UploadingToPeersView.swift in Sources */ = {isa = PBXBuildFile; fileRef = 15B78C672A646F12007943BA /* UploadingToPeersView.swift */; };
		15B78C6A2A646FA6007943BA /* PresentationView.swift in Sources */ = {isa = PBXBuildFile; fileRef = 15B78C692A646FA6007943BA /* PresentationView.swift */; };
		15B78C6C2A64718C007943BA /* PresentationState.swift in Sources */ = {isa = PBXBuildFile; fileRef = 15B78C6B2A64718C007943BA /* PresentationState.swift */; };
		15B78C6E2A647219007943BA /* PresentationTabManager.swift in Sources */ = {isa = PBXBuildFile; fileRef = 15B78C6D2A647219007943BA /* PresentationTabManager.swift */; };
		15B78C702A6475CE007943BA /* Presentation.swift in Sources */ = {isa = PBXBuildFile; fileRef = 15B78C6F2A6475CE007943BA /* Presentation.swift */; };
/* End PBXBuildFile section */

/* Begin PBXFileReference section */
		150273C62A5943590006F4DA /* ShareByte.app */ = {isa = PBXFileReference; explicitFileType = wrapper.application; includeInIndex = 0; path = ShareByte.app; sourceTree = BUILT_PRODUCTS_DIR; };
		150273C92A5943590006F4DA /* ShareByteApp.swift */ = {isa = PBXFileReference; lastKnownFileType = sourcecode.swift; path = ShareByteApp.swift; sourceTree = "<group>"; };
		150273CB2A5943590006F4DA /* ContentView.swift */ = {isa = PBXFileReference; lastKnownFileType = sourcecode.swift; path = ContentView.swift; sourceTree = "<group>"; };
		150273CD2A59435B0006F4DA /* Assets.xcassets */ = {isa = PBXFileReference; lastKnownFileType = folder.assetcatalog; path = Assets.xcassets; sourceTree = "<group>"; };
		150273D02A59435B0006F4DA /* Preview Assets.xcassets */ = {isa = PBXFileReference; lastKnownFileType = folder.assetcatalog; path = "Preview Assets.xcassets"; sourceTree = "<group>"; };
		150273D72A5944AC0006F4DA /* Info.plist */ = {isa = PBXFileReference; lastKnownFileType = text.plist; path = Info.plist; sourceTree = "<group>"; };
		150273DB2A59C0AA0006F4DA /* TabManager.swift */ = {isa = PBXFileReference; lastKnownFileType = sourcecode.swift; path = TabManager.swift; sourceTree = "<group>"; };
		150273DD2A59C0E00006F4DA /* PeersScreen.swift */ = {isa = PBXFileReference; lastKnownFileType = sourcecode.swift; path = PeersScreen.swift; sourceTree = "<group>"; };
		150273DF2A59C0F20006F4DA /* PresentationScreen.swift */ = {isa = PBXFileReference; lastKnownFileType = sourcecode.swift; path = PresentationScreen.swift; sourceTree = "<group>"; };
		150273E12A59C1070006F4DA /* UserViewModel.swift */ = {isa = PBXFileReference; lastKnownFileType = sourcecode.swift; path = UserViewModel.swift; sourceTree = "<group>"; };
		150273E32A59C14C0006F4DA /* Role.swift */ = {isa = PBXFileReference; lastKnownFileType = sourcecode.swift; path = Role.swift; sourceTree = "<group>"; };
		1578204D2A5B2E54007FA7BF /* PeerManager.swift */ = {isa = PBXFileReference; lastKnownFileType = sourcecode.swift; path = PeerManager.swift; sourceTree = "<group>"; };
		15B78C5F2A62E1BA007943BA /* PersonScreen.swift */ = {isa = PBXFileReference; lastKnownFileType = sourcecode.swift; path = PersonScreen.swift; sourceTree = "<group>"; };
		15B78C612A64616A007943BA /* ViewerView.swift */ = {isa = PBXFileReference; lastKnownFileType = sourcecode.swift; path = ViewerView.swift; sourceTree = "<group>"; };
		15B78C632A6466A6007943BA /* PresenterView.swift */ = {isa = PBXFileReference; lastKnownFileType = sourcecode.swift; path = PresenterView.swift; sourceTree = "<group>"; };
		15B78C652A646C51007943BA /* SelectingImageView.swift */ = {isa = PBXFileReference; lastKnownFileType = sourcecode.swift; path = SelectingImageView.swift; sourceTree = "<group>"; };
		15B78C672A646F12007943BA /* UploadingToPeersView.swift */ = {isa = PBXFileReference; lastKnownFileType = sourcecode.swift; path = UploadingToPeersView.swift; sourceTree = "<group>"; };
		15B78C692A646FA6007943BA /* PresentationView.swift */ = {isa = PBXFileReference; lastKnownFileType = sourcecode.swift; path = PresentationView.swift; sourceTree = "<group>"; };
		15B78C6B2A64718C007943BA /* PresentationState.swift */ = {isa = PBXFileReference; lastKnownFileType = sourcecode.swift; path = PresentationState.swift; sourceTree = "<group>"; };
		15B78C6D2A647219007943BA /* PresentationTabManager.swift */ = {isa = PBXFileReference; lastKnownFileType = sourcecode.swift; path = PresentationTabManager.swift; sourceTree = "<group>"; };
		15B78C6F2A6475CE007943BA /* Presentation.swift */ = {isa = PBXFileReference; lastKnownFileType = sourcecode.swift; path = Presentation.swift; sourceTree = "<group>"; };
/* End PBXFileReference section */

/* Begin PBXFrameworksBuildPhase section */
		150273C32A5943590006F4DA /* Frameworks */ = {
			isa = PBXFrameworksBuildPhase;
			buildActionMask = 2147483647;
			files = (
			);
			runOnlyForDeploymentPostprocessing = 0;
		};
/* End PBXFrameworksBuildPhase section */

/* Begin PBXGroup section */
		150273BD2A5943590006F4DA = {
			isa = PBXGroup;
			children = (
				150273C82A5943590006F4DA /* ShareByte */,
				150273C72A5943590006F4DA /* Products */,
			);
			sourceTree = "<group>";
		};
		150273C72A5943590006F4DA /* Products */ = {
			isa = PBXGroup;
			children = (
				150273C62A5943590006F4DA /* ShareByte.app */,
			);
			name = Products;
			sourceTree = "<group>";
		};
		150273C82A5943590006F4DA /* ShareByte */ = {
			isa = PBXGroup;
			children = (
				150273D72A5944AC0006F4DA /* Info.plist */,
				150273C92A5943590006F4DA /* ShareByteApp.swift */,
				150273CB2A5943590006F4DA /* ContentView.swift */,
				150273E52A59C1BC0006F4DA /* View */,
				150273E62A59C1D20006F4DA /* ViewModel */,
				150273DA2A59C08C0006F4DA /* Model */,
				150273CD2A59435B0006F4DA /* Assets.xcassets */,
				150273CF2A59435B0006F4DA /* Preview Content */,
			);
			path = ShareByte;
			sourceTree = "<group>";
		};
		150273CF2A59435B0006F4DA /* Preview Content */ = {
			isa = PBXGroup;
			children = (
				150273D02A59435B0006F4DA /* Preview Assets.xcassets */,
			);
			path = "Preview Content";
			sourceTree = "<group>";
		};
		150273DA2A59C08C0006F4DA /* Model */ = {
			isa = PBXGroup;
			children = (
				1578204D2A5B2E54007FA7BF /* PeerManager.swift */,
				150273E32A59C14C0006F4DA /* Role.swift */,
				15B78C6B2A64718C007943BA /* PresentationState.swift */,
				15B78C6D2A647219007943BA /* PresentationTabManager.swift */,
				15B78C6F2A6475CE007943BA /* Presentation.swift */,
			);
			path = Model;
			sourceTree = "<group>";
		};
		150273E52A59C1BC0006F4DA /* View */ = {
			isa = PBXGroup;
			children = (
				150273DF2A59C0F20006F4DA /* PresentationScreen.swift */,
				150273DD2A59C0E00006F4DA /* PeersScreen.swift */,
				15B78C5F2A62E1BA007943BA /* PersonScreen.swift */,
				15B78C612A64616A007943BA /* ViewerView.swift */,
				15B78C632A6466A6007943BA /* PresenterView.swift */,
				15B78C652A646C51007943BA /* SelectingImageView.swift */,
				15B78C672A646F12007943BA /* UploadingToPeersView.swift */,
				15B78C692A646FA6007943BA /* PresentationView.swift */,
			);
			path = View;
			sourceTree = "<group>";
		};
		150273E62A59C1D20006F4DA /* ViewModel */ = {
			isa = PBXGroup;
			children = (
				150273E12A59C1070006F4DA /* UserViewModel.swift */,
				150273DB2A59C0AA0006F4DA /* TabManager.swift */,
			);
			path = ViewModel;
			sourceTree = "<group>";
		};
/* End PBXGroup section */

/* Begin PBXNativeTarget section */
		150273C52A5943590006F4DA /* ShareByte */ = {
			isa = PBXNativeTarget;
			buildConfigurationList = 150273D42A59435B0006F4DA /* Build configuration list for PBXNativeTarget "ShareByte" */;
			buildPhases = (
				150273C22A5943590006F4DA /* Sources */,
				150273C32A5943590006F4DA /* Frameworks */,
				150273C42A5943590006F4DA /* Resources */,
			);
			buildRules = (
			);
			dependencies = (
			);
			name = ShareByte;
			productName = ShareByte;
			productReference = 150273C62A5943590006F4DA /* ShareByte.app */;
			productType = "com.apple.product-type.application";
		};
/* End PBXNativeTarget section */

/* Begin PBXProject section */
		150273BE2A5943590006F4DA /* Project object */ = {
			isa = PBXProject;
			attributes = {
				BuildIndependentTargetsInParallel = 1;
				LastSwiftUpdateCheck = 1430;
				LastUpgradeCheck = 1430;
				TargetAttributes = {
					150273C52A5943590006F4DA = {
						CreatedOnToolsVersion = 14.3.1;
					};
				};
			};
			buildConfigurationList = 150273C12A5943590006F4DA /* Build configuration list for PBXProject "ShareByte" */;
			compatibilityVersion = "Xcode 14.0";
			developmentRegion = en;
			hasScannedForEncodings = 0;
			knownRegions = (
				en,
				Base,
			);
			mainGroup = 150273BD2A5943590006F4DA;
			productRefGroup = 150273C72A5943590006F4DA /* Products */;
			projectDirPath = "";
			projectRoot = "";
			targets = (
				150273C52A5943590006F4DA /* ShareByte */,
			);
		};
/* End PBXProject section */

/* Begin PBXResourcesBuildPhase section */
		150273C42A5943590006F4DA /* Resources */ = {
			isa = PBXResourcesBuildPhase;
			buildActionMask = 2147483647;
			files = (
				150273D12A59435B0006F4DA /* Preview Assets.xcassets in Resources */,
				150273CE2A59435B0006F4DA /* Assets.xcassets in Resources */,
			);
			runOnlyForDeploymentPostprocessing = 0;
		};
/* End PBXResourcesBuildPhase section */

/* Begin PBXSourcesBuildPhase section */
		150273C22A5943590006F4DA /* Sources */ = {
			isa = PBXSourcesBuildPhase;
			buildActionMask = 2147483647;
			files = (
				150273DE2A59C0E00006F4DA /* PeersScreen.swift in Sources */,
				150273E02A59C0F20006F4DA /* PresentationScreen.swift in Sources */,
				15B78C602A62E1BA007943BA /* PersonScreen.swift in Sources */,
				15B78C702A6475CE007943BA /* Presentation.swift in Sources */,
				150273E42A59C14C0006F4DA /* Role.swift in Sources */,
				15B78C6A2A646FA6007943BA /* PresentationView.swift in Sources */,
				15B78C6E2A647219007943BA /* PresentationTabManager.swift in Sources */,
				15B78C642A6466A6007943BA /* PresenterView.swift in Sources */,
				15B78C6C2A64718C007943BA /* PresentationState.swift in Sources */,
				1578204E2A5B2E54007FA7BF /* PeerManager.swift in Sources */,
				15B78C682A646F12007943BA /* UploadingToPeersView.swift in Sources */,
				150273DC2A59C0AA0006F4DA /* TabManager.swift in Sources */,
				15B78C662A646C51007943BA /* SelectingImageView.swift in Sources */,
				15B78C622A64616A007943BA /* ViewerView.swift in Sources */,
				150273CC2A5943590006F4DA /* ContentView.swift in Sources */,
				150273CA2A5943590006F4DA /* ShareByteApp.swift in Sources */,
				150273E22A59C1070006F4DA /* UserViewModel.swift in Sources */,
			);
			runOnlyForDeploymentPostprocessing = 0;
		};
/* End PBXSourcesBuildPhase section */

/* Begin XCBuildConfiguration section */
		150273D22A59435B0006F4DA /* Debug */ = {
			isa = XCBuildConfiguration;
			buildSettings = {
				ALWAYS_SEARCH_USER_PATHS = NO;
				CLANG_ANALYZER_NONNULL = YES;
				CLANG_ANALYZER_NUMBER_OBJECT_CONVERSION = YES_AGGRESSIVE;
				CLANG_CXX_LANGUAGE_STANDARD = "gnu++20";
				CLANG_ENABLE_MODULES = YES;
				CLANG_ENABLE_OBJC_ARC = YES;
				CLANG_ENABLE_OBJC_WEAK = YES;
				CLANG_WARN_BLOCK_CAPTURE_AUTORELEASING = YES;
				CLANG_WARN_BOOL_CONVERSION = YES;
				CLANG_WARN_COMMA = YES;
				CLANG_WARN_CONSTANT_CONVERSION = YES;
				CLANG_WARN_DEPRECATED_OBJC_IMPLEMENTATIONS = YES;
				CLANG_WARN_DIRECT_OBJC_ISA_USAGE = YES_ERROR;
				CLANG_WARN_DOCUMENTATION_COMMENTS = YES;
				CLANG_WARN_EMPTY_BODY = YES;
				CLANG_WARN_ENUM_CONVERSION = YES;
				CLANG_WARN_INFINITE_RECURSION = YES;
				CLANG_WARN_INT_CONVERSION = YES;
				CLANG_WARN_NON_LITERAL_NULL_CONVERSION = YES;
				CLANG_WARN_OBJC_IMPLICIT_RETAIN_SELF = YES;
				CLANG_WARN_OBJC_LITERAL_CONVERSION = YES;
				CLANG_WARN_OBJC_ROOT_CLASS = YES_ERROR;
				CLANG_WARN_QUOTED_INCLUDE_IN_FRAMEWORK_HEADER = YES;
				CLANG_WARN_RANGE_LOOP_ANALYSIS = YES;
				CLANG_WARN_STRICT_PROTOTYPES = YES;
				CLANG_WARN_SUSPICIOUS_MOVE = YES;
				CLANG_WARN_UNGUARDED_AVAILABILITY = YES_AGGRESSIVE;
				CLANG_WARN_UNREACHABLE_CODE = YES;
				CLANG_WARN__DUPLICATE_METHOD_MATCH = YES;
				COPY_PHASE_STRIP = NO;
				DEBUG_INFORMATION_FORMAT = dwarf;
				ENABLE_STRICT_OBJC_MSGSEND = YES;
				ENABLE_TESTABILITY = YES;
				GCC_C_LANGUAGE_STANDARD = gnu11;
				GCC_DYNAMIC_NO_PIC = NO;
				GCC_NO_COMMON_BLOCKS = YES;
				GCC_OPTIMIZATION_LEVEL = 0;
				GCC_PREPROCESSOR_DEFINITIONS = (
					"DEBUG=1",
					"$(inherited)",
				);
				GCC_WARN_64_TO_32_BIT_CONVERSION = YES;
				GCC_WARN_ABOUT_RETURN_TYPE = YES_ERROR;
				GCC_WARN_UNDECLARED_SELECTOR = YES;
				GCC_WARN_UNINITIALIZED_AUTOS = YES_AGGRESSIVE;
				GCC_WARN_UNUSED_FUNCTION = YES;
				GCC_WARN_UNUSED_VARIABLE = YES;
				IPHONEOS_DEPLOYMENT_TARGET = 16.4;
				MTL_ENABLE_DEBUG_INFO = INCLUDE_SOURCE;
				MTL_FAST_MATH = YES;
				ONLY_ACTIVE_ARCH = YES;
				SDKROOT = iphoneos;
				SWIFT_ACTIVE_COMPILATION_CONDITIONS = DEBUG;
				SWIFT_OPTIMIZATION_LEVEL = "-Onone";
			};
			name = Debug;
		};
		150273D32A59435B0006F4DA /* Release */ = {
			isa = XCBuildConfiguration;
			buildSettings = {
				ALWAYS_SEARCH_USER_PATHS = NO;
				CLANG_ANALYZER_NONNULL = YES;
				CLANG_ANALYZER_NUMBER_OBJECT_CONVERSION = YES_AGGRESSIVE;
				CLANG_CXX_LANGUAGE_STANDARD = "gnu++20";
				CLANG_ENABLE_MODULES = YES;
				CLANG_ENABLE_OBJC_ARC = YES;
				CLANG_ENABLE_OBJC_WEAK = YES;
				CLANG_WARN_BLOCK_CAPTURE_AUTORELEASING = YES;
				CLANG_WARN_BOOL_CONVERSION = YES;
				CLANG_WARN_COMMA = YES;
				CLANG_WARN_CONSTANT_CONVERSION = YES;
				CLANG_WARN_DEPRECATED_OBJC_IMPLEMENTATIONS = YES;
				CLANG_WARN_DIRECT_OBJC_ISA_USAGE = YES_ERROR;
				CLANG_WARN_DOCUMENTATION_COMMENTS = YES;
				CLANG_WARN_EMPTY_BODY = YES;
				CLANG_WARN_ENUM_CONVERSION = YES;
				CLANG_WARN_INFINITE_RECURSION = YES;
				CLANG_WARN_INT_CONVERSION = YES;
				CLANG_WARN_NON_LITERAL_NULL_CONVERSION = YES;
				CLANG_WARN_OBJC_IMPLICIT_RETAIN_SELF = YES;
				CLANG_WARN_OBJC_LITERAL_CONVERSION = YES;
				CLANG_WARN_OBJC_ROOT_CLASS = YES_ERROR;
				CLANG_WARN_QUOTED_INCLUDE_IN_FRAMEWORK_HEADER = YES;
				CLANG_WARN_RANGE_LOOP_ANALYSIS = YES;
				CLANG_WARN_STRICT_PROTOTYPES = YES;
				CLANG_WARN_SUSPICIOUS_MOVE = YES;
				CLANG_WARN_UNGUARDED_AVAILABILITY = YES_AGGRESSIVE;
				CLANG_WARN_UNREACHABLE_CODE = YES;
				CLANG_WARN__DUPLICATE_METHOD_MATCH = YES;
				COPY_PHASE_STRIP = NO;
				DEBUG_INFORMATION_FORMAT = "dwarf-with-dsym";
				ENABLE_NS_ASSERTIONS = NO;
				ENABLE_STRICT_OBJC_MSGSEND = YES;
				GCC_C_LANGUAGE_STANDARD = gnu11;
				GCC_NO_COMMON_BLOCKS = YES;
				GCC_WARN_64_TO_32_BIT_CONVERSION = YES;
				GCC_WARN_ABOUT_RETURN_TYPE = YES_ERROR;
				GCC_WARN_UNDECLARED_SELECTOR = YES;
				GCC_WARN_UNINITIALIZED_AUTOS = YES_AGGRESSIVE;
				GCC_WARN_UNUSED_FUNCTION = YES;
				GCC_WARN_UNUSED_VARIABLE = YES;
				IPHONEOS_DEPLOYMENT_TARGET = 16.4;
				MTL_ENABLE_DEBUG_INFO = NO;
				MTL_FAST_MATH = YES;
				SDKROOT = iphoneos;
				SWIFT_COMPILATION_MODE = wholemodule;
				SWIFT_OPTIMIZATION_LEVEL = "-O";
				VALIDATE_PRODUCT = YES;
			};
			name = Release;
		};
		150273D52A59435B0006F4DA /* Debug */ = {
			isa = XCBuildConfiguration;
			buildSettings = {
				ASSETCATALOG_COMPILER_APPICON_NAME = AppIcon;
				ASSETCATALOG_COMPILER_GLOBAL_ACCENT_COLOR_NAME = AccentColor;
				CODE_SIGN_STYLE = Automatic;
				CURRENT_PROJECT_VERSION = 1;
				DEVELOPMENT_ASSET_PATHS = "\"ShareByte/Preview Content\"";
				DEVELOPMENT_TEAM = U2FNWP55H5;
				ENABLE_PREVIEWS = YES;
				GENERATE_INFOPLIST_FILE = YES;
				INFOPLIST_FILE = ShareByte/Info.plist;
				INFOPLIST_KEY_UIApplicationSceneManifest_Generation = YES;
				INFOPLIST_KEY_UIApplicationSupportsIndirectInputEvents = YES;
				INFOPLIST_KEY_UILaunchScreen_Generation = YES;
				INFOPLIST_KEY_UISupportedInterfaceOrientations_iPad = "UIInterfaceOrientationPortrait UIInterfaceOrientationPortraitUpsideDown UIInterfaceOrientationLandscapeLeft UIInterfaceOrientationLandscapeRight";
				INFOPLIST_KEY_UISupportedInterfaceOrientations_iPhone = "UIInterfaceOrientationPortrait UIInterfaceOrientationLandscapeLeft UIInterfaceOrientationLandscapeRight";
				LD_RUNPATH_SEARCH_PATHS = (
					"$(inherited)",
					"@executable_path/Frameworks",
				);
				MARKETING_VERSION = 1.0;
				PRODUCT_BUNDLE_IDENTIFIER = com.mityunindmitry.ShareByte;
				PRODUCT_NAME = "$(TARGET_NAME)";
				SWIFT_EMIT_LOC_STRINGS = YES;
				SWIFT_VERSION = 5.0;
				TARGETED_DEVICE_FAMILY = "1,2";
			};
			name = Debug;
		};
		150273D62A59435B0006F4DA /* Release */ = {
			isa = XCBuildConfiguration;
			buildSettings = {
				ASSETCATALOG_COMPILER_APPICON_NAME = AppIcon;
				ASSETCATALOG_COMPILER_GLOBAL_ACCENT_COLOR_NAME = AccentColor;
				CODE_SIGN_STYLE = Automatic;
				CURRENT_PROJECT_VERSION = 1;
				DEVELOPMENT_ASSET_PATHS = "\"ShareByte/Preview Content\"";
				DEVELOPMENT_TEAM = U2FNWP55H5;
				ENABLE_PREVIEWS = YES;
				GENERATE_INFOPLIST_FILE = YES;
				INFOPLIST_FILE = ShareByte/Info.plist;
				INFOPLIST_KEY_UIApplicationSceneManifest_Generation = YES;
				INFOPLIST_KEY_UIApplicationSupportsIndirectInputEvents = YES;
				INFOPLIST_KEY_UILaunchScreen_Generation = YES;
				INFOPLIST_KEY_UISupportedInterfaceOrientations_iPad = "UIInterfaceOrientationPortrait UIInterfaceOrientationPortraitUpsideDown UIInterfaceOrientationLandscapeLeft UIInterfaceOrientationLandscapeRight";
				INFOPLIST_KEY_UISupportedInterfaceOrientations_iPhone = "UIInterfaceOrientationPortrait UIInterfaceOrientationLandscapeLeft UIInterfaceOrientationLandscapeRight";
				LD_RUNPATH_SEARCH_PATHS = (
					"$(inherited)",
					"@executable_path/Frameworks",
				);
				MARKETING_VERSION = 1.0;
				PRODUCT_BUNDLE_IDENTIFIER = com.mityunindmitry.ShareByte;
				PRODUCT_NAME = "$(TARGET_NAME)";
				SWIFT_EMIT_LOC_STRINGS = YES;
				SWIFT_VERSION = 5.0;
				TARGETED_DEVICE_FAMILY = "1,2";
			};
			name = Release;
		};
/* End XCBuildConfiguration section */

/* Begin XCConfigurationList section */
		150273C12A5943590006F4DA /* Build configuration list for PBXProject "ShareByte" */ = {
			isa = XCConfigurationList;
			buildConfigurations = (
				150273D22A59435B0006F4DA /* Debug */,
				150273D32A59435B0006F4DA /* Release */,
			);
			defaultConfigurationIsVisible = 0;
			defaultConfigurationName = Release;
		};
		150273D42A59435B0006F4DA /* Build configuration list for PBXNativeTarget "ShareByte" */ = {
			isa = XCConfigurationList;
			buildConfigurations = (
				150273D52A59435B0006F4DA /* Debug */,
				150273D62A59435B0006F4DA /* Release */,
			);
			defaultConfigurationIsVisible = 0;
			defaultConfigurationName = Release;
		};
/* End XCConfigurationList section */
	};
	rootObject = 150273BE2A5943590006F4DA /* Project object */;
}
